
Microsoft Visual Studio Solution File, Format Version 12.00
# Visual Studio Version 17
VisualStudioVersion = 17.11.35312.102
MinimumVisualStudioVersion = 10.0.40219.1
Project("{FAE04EC0-301F-11D3-BF4B-00C04F79EFBC}") = "PR4", "PR4.csproj", "{7CE765E7-D869-4048-859B-222C9826D2F7}"
EndProject
Global
	GlobalSection(SolutionConfigurationPlatforms) = preSolution
		Debug|Any CPU = Debug|Any CPU
		Release|Any CPU = Release|Any CPU
	EndGlobalSection
	GlobalSection(ProjectConfigurationPlatforms) = postSolution
		{7CE765E7-D869-4048-859B-222C9826D2F7}.Debug|Any CPU.ActiveCfg = Debug|Any CPU
		{7CE765E7-D869-4048-859B-222C9826D2F7}.Debug|Any CPU.Build.0 = Debug|Any CPU
		{7CE765E7-D869-4048-859B-222C9826D2F7}.Release|Any CPU.ActiveCfg = Release|Any CPU
		{7CE765E7-D869-4048-859B-222C9826D2F7}.Release|Any CPU.Build.0 = Release|Any CPU
	EndGlobalSection
	GlobalSection(SolutionProperties) = preSolution
		HideSolutionNode = FALSE
	EndGlobalSection
	GlobalSection(ExtensibilityGlobals) = postSolution
		SolutionGuid = {CD295677-8C8E-4F99-9215-8EDBBD44F0C0}
	EndGlobalSection
EndGlobal
