
Microsoft Visual Studio Solution File, Format Version 12.00
# Visual Studio Version 17
VisualStudioVersion = 17.11.35312.102
MinimumVisualStudioVersion = 10.0.40219.1
Project("{FAE04EC0-301F-11D3-BF4B-00C04F79EFBC}") = "Hm6", "Hm6.csproj", "{873145B3-8EF9-401B-9338-7670C9B9B7FC}"
EndProject
Global
	GlobalSection(SolutionConfigurationPlatforms) = preSolution
		Debug|Any CPU = Debug|Any CPU
		Release|Any CPU = Release|Any CPU
	EndGlobalSection
	GlobalSection(ProjectConfigurationPlatforms) = postSolution
		{873145B3-8EF9-401B-9338-7670C9B9B7FC}.Debug|Any CPU.ActiveCfg = Debug|Any CPU
		{873145B3-8EF9-401B-9338-7670C9B9B7FC}.Debug|Any CPU.Build.0 = Debug|Any CPU
		{873145B3-8EF9-401B-9338-7670C9B9B7FC}.Release|Any CPU.ActiveCfg = Release|Any CPU
		{873145B3-8EF9-401B-9338-7670C9B9B7FC}.Release|Any CPU.Build.0 = Release|Any CPU
	EndGlobalSection
	GlobalSection(SolutionProperties) = preSolution
		HideSolutionNode = FALSE
	EndGlobalSection
	GlobalSection(ExtensibilityGlobals) = postSolution
		SolutionGuid = {BB469438-69E1-41DF-A366-50EB4465C0D5}
	EndGlobalSection
EndGlobal
