
Microsoft Visual Studio Solution File, Format Version 12.00
# Visual Studio Version 17
VisualStudioVersion = 17.5.002.0
MinimumVisualStudioVersion = 10.0.40219.1
Project("{9A19103F-16F7-4668-BE54-9A1E7A4F7556}") = "task1", "task1\task1.csproj", "{2397C7A7-1AC6-40D7-87D2-3F68306F64D2}"
EndProject
Project("{9A19103F-16F7-4668-BE54-9A1E7A4F7556}") = "task2", "task2\task2.csproj", "{AC8D141A-BD40-4379-A6E1-29500F9745D1}"
EndProject
Project("{9A19103F-16F7-4668-BE54-9A1E7A4F7556}") = "task3", "task3\task3.csproj", "{4C3694C0-51C1-462D-AF5C-A0472CBEDFDE}"
EndProject
Project("{9A19103F-16F7-4668-BE54-9A1E7A4F7556}") = "task4", "task4\task4.csproj", "{3C70E316-2C18-4D52-8C76-B4B5DB1395E0}"
EndProject
Global
	GlobalSection(SolutionConfigurationPlatforms) = preSolution
		Debug|Any CPU = Debug|Any CPU
		Release|Any CPU = Release|Any CPU
	EndGlobalSection
	GlobalSection(ProjectConfigurationPlatforms) = postSolution
		{2397C7A7-1AC6-40D7-87D2-3F68306F64D2}.Debug|Any CPU.ActiveCfg = Debug|Any CPU
		{2397C7A7-1AC6-40D7-87D2-3F68306F64D2}.Debug|Any CPU.Build.0 = Debug|Any CPU
		{2397C7A7-1AC6-40D7-87D2-3F68306F64D2}.Release|Any CPU.ActiveCfg = Release|Any CPU
		{2397C7A7-1AC6-40D7-87D2-3F68306F64D2}.Release|Any CPU.Build.0 = Release|Any CPU
		{AC8D141A-BD40-4379-A6E1-29500F9745D1}.Debug|Any CPU.ActiveCfg = Debug|Any CPU
		{AC8D141A-BD40-4379-A6E1-29500F9745D1}.Debug|Any CPU.Build.0 = Debug|Any CPU
		{AC8D141A-BD40-4379-A6E1-29500F9745D1}.Release|Any CPU.ActiveCfg = Release|Any CPU
		{AC8D141A-BD40-4379-A6E1-29500F9745D1}.Release|Any CPU.Build.0 = Release|Any CPU
		{4C3694C0-51C1-462D-AF5C-A0472CBEDFDE}.Debug|Any CPU.ActiveCfg = Debug|Any CPU
		{4C3694C0-51C1-462D-AF5C-A0472CBEDFDE}.Debug|Any CPU.Build.0 = Debug|Any CPU
		{4C3694C0-51C1-462D-AF5C-A0472CBEDFDE}.Release|Any CPU.ActiveCfg = Release|Any CPU
		{4C3694C0-51C1-462D-AF5C-A0472CBEDFDE}.Release|Any CPU.Build.0 = Release|Any CPU
		{3C70E316-2C18-4D52-8C76-B4B5DB1395E0}.Debug|Any CPU.ActiveCfg = Debug|Any CPU
		{3C70E316-2C18-4D52-8C76-B4B5DB1395E0}.Debug|Any CPU.Build.0 = Debug|Any CPU
		{3C70E316-2C18-4D52-8C76-B4B5DB1395E0}.Release|Any CPU.ActiveCfg = Release|Any CPU
		{3C70E316-2C18-4D52-8C76-B4B5DB1395E0}.Release|Any CPU.Build.0 = Release|Any CPU
	EndGlobalSection
	GlobalSection(SolutionProperties) = preSolution
		HideSolutionNode = FALSE
	EndGlobalSection
	GlobalSection(ExtensibilityGlobals) = postSolution
		SolutionGuid = {3D9846F7-8B75-4479-922F-1F52433CEF88}
	EndGlobalSection
EndGlobal
